{
  "name": "fusion_charts",
  "version": "1.0.0",
  "lockfileVersion": 1,
  "requires": true,
  "dependencies": {
    "@babel/runtime": {
      "version": "7.11.2",
      "resolved": "https://registry.npmjs.org/@babel/runtime/-/runtime-7.11.2.tgz",
      "integrity": "sha512-TeWkU52so0mPtDcaCTxNBI/IHiz0pZgr8VEFqXFtZWpYD08ZB6FaSwVAS8MKRQAP3bYKiVjwysOJgMFY28o6Tw==",
      "requires": {
        "regenerator-runtime": "^0.13.4"
      }
    },
    "@fusioncharts/charts": {
      "version": "3.15.3",
      "resolved": "https://registry.npmjs.org/@fusioncharts/charts/-/charts-3.15.3.tgz",
      "integrity": "sha512-X4TGbBZMq9tF19kV9nt271EJsxVKV2XSU7lzUNcfq7cvGM033sf6grCfKD/p52urpOKaUVYW5pzQDQ7tmtYwjQ==",
      "requires": {
        "@babel/runtime": "^7.9.2",
        "@fusioncharts/core": "^1.1.0",
        "@fusioncharts/features": "^1.1.0",
        "@fusioncharts/utils": "^1.1.0"
      }
    },
    "@fusioncharts/constructor": {
      "version": "1.1.0",
      "resolved": "https://registry.npmjs.org/@fusioncharts/constructor/-/constructor-1.1.0.tgz",
      "integrity": "sha512-8e9abCdwTf/LRpLYq68cIpw7sYdeuh19nANGdVMFtFfatT5Kw5k89O8mEJBccVl+iaCxxAdm80Yj+uL0zBmesg==",
      "requires": {
        "@babel/runtime": "^7.9.2",
        "@fusioncharts/core": "^1.1.0",
        "@fusioncharts/maps": "^3.15.3"
      }
    },
    "@fusioncharts/core": {
      "version": "1.1.0",
      "resolved": "https://registry.npmjs.org/@fusioncharts/core/-/core-1.1.0.tgz",
      "integrity": "sha512-j5GjccpKhy1g5yy6NY+s6rempx7+gseB64PCJwD0OVVZYX5JClPymv1C4KjlZhQUf+lNSwmgwgZHTimQxo+Tig==",
      "requires": {
        "@babel/runtime": "^7.9.2",
        "@fusioncharts/utils": "^1.1.0",
        "core-js": "^3.0.1",
        "ramda": "^0.25.0"
      }
    },
    "@fusioncharts/datatable": {
      "version": "1.1.0",
      "resolved": "https://registry.npmjs.org/@fusioncharts/datatable/-/datatable-1.1.0.tgz",
      "integrity": "sha512-McUhSpr0kbvr0UH8gaS5u0foH04IfgZmZ0nbMOjDTxYgFzRMDup4ID5fypjrJvx7Awj9HhuxNI4ctVcUFKX1nQ==",
      "requires": {
        "@babel/runtime": "^7.9.2",
        "@fusioncharts/utils": "^1.1.0"
      }
    },
    "@fusioncharts/features": {
      "version": "1.1.0",
      "resolved": "https://registry.npmjs.org/@fusioncharts/features/-/features-1.1.0.tgz",
      "integrity": "sha512-5fhFlZ6c9ifJxOjPrBRdKHN0UCml6wTopCkpPo3oNksabmZnFp6kDU+HKdpn/GtzpYGpkGdkwwYly0fP9e2ziA==",
      "requires": {
        "@babel/runtime": "^7.9.2",
        "@fusioncharts/core": "^1.1.0",
        "@fusioncharts/utils": "^1.1.0"
      }
    },
    "@fusioncharts/fusiontime": {
      "version": "2.3.0",
      "resolved": "https://registry.npmjs.org/@fusioncharts/fusiontime/-/fusiontime-2.3.0.tgz",
      "integrity": "sha512-nW3aOfmQyqWncaF/Oka6o6pvrtPsOjiFMNGOFSD1Nlp9hCfsnr27hRUIpw+gx9UOkSdnR/z2WUKTcGkhxQHMRw==",
      "requires": {
        "@babel/runtime": "^7.9.2",
        "@fusioncharts/charts": "^3.15.3",
        "@fusioncharts/core": "^1.1.0",
        "@fusioncharts/datatable": "^1.1.0",
        "@fusioncharts/utils": "^1.1.0",
        "ramda": "^0.25.0"
      }
    },
    "@fusioncharts/maps": {
      "version": "3.15.3",
      "resolved": "https://registry.npmjs.org/@fusioncharts/maps/-/maps-3.15.3.tgz",
      "integrity": "sha512-tQAWiuXxE8CakWaLIBzredxdAmjIy9w0Pl+kA0LIF9x5fRIh/cqoEXoT7XhlJnA3uSbMmKo6kTo7ObFRo/pPEg==",
      "requires": {
        "@babel/runtime": "^7.9.2",
        "@fusioncharts/charts": "^3.15.3",
        "@fusioncharts/core": "^1.1.0",
        "@fusioncharts/features": "^1.1.0"
      }
    },
    "@fusioncharts/powercharts": {
      "version": "3.15.3",
      "resolved": "https://registry.npmjs.org/@fusioncharts/powercharts/-/powercharts-3.15.3.tgz",
      "integrity": "sha512-VhWdhwSXFN3iBs7IbqHt8jEPgMpJX+rNqH5scAMcEMzhJDBbFRAGIp/qF7ZU0Jq6t2Sju+rvRxCZtg6hkGkClg==",
      "requires": {
        "@babel/runtime": "^7.9.2",
        "@fusioncharts/charts": "^3.15.3",
        "@fusioncharts/core": "^1.1.0",
        "@fusioncharts/utils": "^1.1.0"
      }
    },
    "@fusioncharts/utils": {
      "version": "1.1.0",
      "resolved": "https://registry.npmjs.org/@fusioncharts/utils/-/utils-1.1.0.tgz",
      "integrity": "sha512-Kndbbb/BAivcLZZF03GjfJifMs/lOQBXDuce7FHrkypkUH+IB8mouZYCVrmA4cjLjY3rDQ/eJQt4STCQihG6Bw==",
      "requires": {
        "@babel/runtime": "^7.9.2",
        "ramda": "^0.25.0"
      }
    },
    "@fusioncharts/widgets": {
      "version": "3.15.3",
      "resolved": "https://registry.npmjs.org/@fusioncharts/widgets/-/widgets-3.15.3.tgz",
      "integrity": "sha512-Pw7yclCrX8ssoYgC5TNnP4p5OB9IP3RbCJ1nTjuTzlqgUbwLz9r8wSfRA+QKQXWXqeGLo0glU/G78w0010T99g==",
      "requires": {
        "@babel/runtime": "^7.9.2",
        "@fusioncharts/charts": "^3.15.3",
        "@fusioncharts/constructor": "^1.1.0",
        "@fusioncharts/core": "^1.1.0",
        "@fusioncharts/features": "^1.1.0",
        "@fusioncharts/utils": "^1.1.0"
      }
    },
    "@types/fusioncharts": {
      "version": "3.11.5",
      "resolved": "https://registry.npmjs.org/@types/fusioncharts/-/fusioncharts-3.11.5.tgz",
      "integrity": "sha512-NwWxY4PA6nROJqIgEpG8wSFi4kvNQ9ATDNiNDOHSxffjqgap6+MLhczoik/RrG25Yd/Xkl5VpHBj24ZTax9xsg=="
    },
    "angular2-fusioncharts": {
      "version": "1.0.3",
      "resolved": "https://registry.npmjs.org/angular2-fusioncharts/-/angular2-fusioncharts-1.0.3.tgz",
      "integrity": "sha512-7Xj26ymZo5WzqLFBEATGEFghGodV5ufKtH/3P69rWlDPeWlDET0uzJrxBCdmxFaiuV09KNwjIX89qLiWfOEztA==",
      "requires": {
        "@types/fusioncharts": "^3.11.0",
        "fusioncharts": "^3.12.1"
      }
    },
    "core-js": {
      "version": "3.6.5",
      "resolved": "https://registry.npmjs.org/core-js/-/core-js-3.6.5.tgz",
      "integrity": "sha512-vZVEEwZoIsI+vPEuoF9Iqf5H7/M3eeQqWlQnYa8FSKKePuYTf5MWnxb5SDAzCa60b3JBRS5g9b+Dq7b1y/RCrA=="
    },
    "fusioncharts": {
      "version": "3.15.3",
      "resolved": "https://registry.npmjs.org/fusioncharts/-/fusioncharts-3.15.3.tgz",
      "integrity": "sha512-2B94xRGf9VMa1A+phptgL02qtCLyqZjQnpQB1IwyBsF+VoH31rSFMeaeJey+dRv3IKPtrk1VTtWBa0h3+t3l0g==",
      "requires": {
        "@babel/runtime": "^7.9.2",
        "@fusioncharts/charts": "^3.15.3",
        "@fusioncharts/constructor": "^1.1.0",
        "@fusioncharts/core": "^1.1.0",
        "@fusioncharts/datatable": "^1.1.0",
        "@fusioncharts/features": "^1.1.0",
        "@fusioncharts/fusiontime": "^2.3.0",
        "@fusioncharts/maps": "^3.15.3",
        "@fusioncharts/powercharts": "^3.15.3",
        "@fusioncharts/utils": "^1.1.0",
        "@fusioncharts/widgets": "^3.15.3",
        "mutationobserver-shim": "^0.3.5",
        "promise-polyfill": "^8.1.3"
      }
    },
    "mutationobserver-shim": {
      "version": "0.3.7",
      "resolved": "https://registry.npmjs.org/mutationobserver-shim/-/mutationobserver-shim-0.3.7.tgz",
      "integrity": "sha512-oRIDTyZQU96nAiz2AQyngwx1e89iApl2hN5AOYwyxLUB47UYsU3Wv9lJWqH5y/QdiYkc5HQLi23ZNB3fELdHcQ=="
    },
    "promise-polyfill": {
      "version": "8.1.3",
      "resolved": "https://registry.npmjs.org/promise-polyfill/-/promise-polyfill-8.1.3.tgz",
      "integrity": "sha512-MG5r82wBzh7pSKDRa9y+vllNHz3e3d4CNj1PQE4BQYxLme0gKYYBm9YENq+UkEikyZ0XbiGWxYlVw3Rl9O/U8g=="
    },
    "ramda": {
      "version": "0.25.0",
      "resolved": "https://registry.npmjs.org/ramda/-/ramda-0.25.0.tgz",
      "integrity": "sha512-GXpfrYVPwx3K7RQ6aYT8KPS8XViSXUVJT1ONhoKPE9VAleW42YE+U+8VEyGWt41EnEQW7gwecYJriTI0pKoecQ=="
    },
    "regenerator-runtime": {
      "version": "0.13.7",
      "resolved": "https://registry.npmjs.org/regenerator-runtime/-/regenerator-runtime-0.13.7.tgz",
      "integrity": "sha512-a54FxoJDIr27pgf7IgeQGxmqUNYrcV338lf/6gH456HZ/PhX+5BcwHXG9ajESmwe6WRO0tAzRUrRmNONWgkrew=="
    }
  }
}
